PODS:
  - Alamofire (4.9.1)
  - AppAuth (1.2.0):
    - AppAuth/Core (= 1.2.0)
    - AppAuth/ExternalUserAgent (= 1.2.0)
  - AppAuth/Core (1.2.0)
  - AppAuth/ExternalUserAgent (1.2.0)
  - Atributika (4.9.1)
  - CropViewController (2.5.2)
  - FacebookCore (0.9.0):
    - FBSDKCoreKit (~> 5.0)
  - FacebookLogin (0.9.0):
    - FacebookCore (~> 0.9.0)
    - FBSDKCoreKit (~> 5.0)
    - FBSDKLoginKit (~> 5.0)
  - FBSDKCoreKit (5.11.0):
    - FBSDKCoreKit/Basics (= 5.11.0)
    - FBSDKCoreKit/Core (= 5.11.0)
  - FBSDKCoreKit/Basics (5.11.0)
  - FBSDKCoreKit/Core (5.11.0):
    - FBSDKCoreKit/Basics
  - FBSDKLoginKit (5.11.0):
    - FBSDKLoginKit/Login (= 5.11.0)
  - FBSDKLoginKit/Login (5.11.0):
    - FBSDKCoreKit (~> 5.0)
  - GoogleMaps/Base (3.7.0)
  - GooglePlaces (3.7.0):
    - GoogleMaps/Base (= 3.7.0)
  - GoogleSignIn (5.0.2):
    - AppAuth (~> 1.2)
    - GTMAppAuth (~> 1.0)
    - GTMSessionFetcher/Core (~> 1.1)
  - GTMAppAuth (1.0.0):
    - AppAuth/Core (~> 1.0)
    - GTMSessionFetcher (~> 1.1)
  - GTMSessionFetcher (1.3.0):
    - GTMSessionFetcher/Full (= 1.3.0)
  - GTMSessionFetcher/Core (1.3.0)
  - GTMSessionFetcher/Full (1.3.0):
    - GTMSessionFetcher/Core (= 1.3.0)
  - IQKeyboardManagerSwift (6.5.4)
  - LNSideMenu (3.4.4)
  - SDWebImage (5.3.1):
    - SDWebImage/Core (= 5.3.1)
  - SDWebImage/Core (5.3.1)
  - SkeletonView (1.8.2)
  - SVPinView (1.0.7)

DEPENDENCIES:
  - Alamofire
  - Atributika
  - CropViewController
  - FacebookLogin
  - FBSDKLoginKit
  - GooglePlaces
  - GoogleSignIn
  - IQKeyboardManagerSwift
  - LNSideMenu
  - SDWebImage
  - SkeletonView
  - SVPinView

SPEC REPOS:
  trunk:
    - Alamofire
    - AppAuth
    - Atributika
    - CropViewController
    - FacebookCore
    - FacebookLogin
    - FBSDKCoreKit
    - FBSDKLoginKit
    - GoogleMaps
    - GooglePlaces
    - GoogleSignIn
    - GTMAppAuth
    - GTMSessionFetcher
    - IQKeyboardManagerSwift
    - LNSideMenu
    - SDWebImage
    - SkeletonView
    - SVPinView

SPEC CHECKSUMS:
  Alamofire: 85e8a02c69d6020a0d734f6054870d7ecb75cf18
  AppAuth: bce82c76043657c99d91e7882e8a9e1a93650cd4
  Atributika: 614101ca8dd2f5a05e465a3c8c10092602d6e804
  CropViewController: 1aac40093c5739e60d992b04724a55d12a689a4c
  FacebookCore: ba86524b66cfa86d0f8e65d08faa8504a9f732dd
  FacebookLogin: 6cee9fd6e1fe976fe8f7eec199e27b28b14f5d63
  FBSDKCoreKit: 9fbfb5b0022d34861bfa6b79f56f8e2ddcd8170b
  FBSDKLoginKit: 0e976e0c91ee69dd5dc69062c095205146f1dd9f
  GoogleMaps: 55da829c68aa931f3ae982b9e341cc2f3d89c587
  GooglePlaces: a62077320f9d64239245af63aa1aa136393ebeb6
  GoogleSignIn: 7137d297ddc022a7e0aa4619c86d72c909fa7213
  GTMAppAuth: 4deac854479704f348309e7b66189e604cf5e01e
  GTMSessionFetcher: 43b8b64263023d4f32caa0b40f4c8bfa3c5f36d8
  IQKeyboardManagerSwift: 2dde0fc70110e8eac7ccce2a46fdbec6a850b414
  LNSideMenu: 43aaa1f9b5f406f04b3c9980b7a6f6569686176d
  SDWebImage: 7137d57385fb632129838c1e6ab9528a22c666cc
  SkeletonView: bb27c39857e5492136f02ee8a3aa78de55d12ecd
  SVPinView: 6c1da57e4a1273298802f460c60511ba10f7c831

PODFILE CHECKSUM: 5a4b1f596e638c747bf2a65d6d741560d671e4e1

COCOAPODS: 1.8.4
